
Microsoft Visual Studio Solution File, Format Version 12.00
# Visual Studio Version 17
VisualStudioVersion = 17.11.35312.102
MinimumVisualStudioVersion = 10.0.40219.1
Project("{9A19103F-16F7-4668-BE54-9A1E7A4F7556}") = "Wordle", "Wordle.csproj", "{364D6104-C8FD-4938-BEF0-FC385B394DAE}"
EndProject
Global
	GlobalSection(SolutionConfigurationPlatforms) = preSolution
		Debug|Any CPU = Debug|Any CPU
		Release|Any CPU = Release|Any CPU
	EndGlobalSection
	GlobalSection(ProjectConfigurationPlatforms) = postSolution
		{364D6104-C8FD-4938-BEF0-FC385B394DAE}.Debug|Any CPU.ActiveCfg = Debug|Any CPU
		{364D6104-C8FD-4938-BEF0-FC385B394DAE}.Debug|Any CPU.Build.0 = Debug|Any CPU
		{364D6104-C8FD-4938-BEF0-FC385B394DAE}.Debug|Any CPU.Deploy.0 = Debug|Any CPU
		{364D6104-C8FD-4938-BEF0-FC385B394DAE}.Release|Any CPU.ActiveCfg = Release|Any CPU
		{364D6104-C8FD-4938-BEF0-FC385B394DAE}.Release|Any CPU.Build.0 = Release|Any CPU
		{364D6104-C8FD-4938-BEF0-FC385B394DAE}.Release|Any CPU.Deploy.0 = Release|Any CPU
	EndGlobalSection
	GlobalSection(SolutionProperties) = preSolution
		HideSolutionNode = FALSE
	EndGlobalSection
	GlobalSection(ExtensibilityGlobals) = postSolution
		SolutionGuid = {6080E32E-C3C3-44F0-B519-E7E332737461}
	EndGlobalSection
EndGlobal
